
Microsoft Visual Studio Solution File, Format Version 12.00
# Visual Studio Version 16
VisualStudioVersion = 16.0.31624.102
MinimumVisualStudioVersion = 10.0.40219.1
Project("{9A19103F-16F7-4668-BE54-9A1E7A4F7556}") = "GraphSharp", "GraphSharp\GraphSharp.csproj", "{D672D831-88F9-452B-B1CF-72D7D8B89A69}"
EndProject
Project("{9A19103F-16F7-4668-BE54-9A1E7A4F7556}") = "GraphSharpEditor", "GraphSharpEditor\GraphSharpEditor.csproj", "{D2C0217F-6A18-48D7-8C1C-8485CE4DE177}"
EndProject
Global
	GlobalSection(SolutionConfigurationPlatforms) = preSolution
		Debug|Any CPU = Debug|Any CPU
		Release|Any CPU = Release|Any CPU
	EndGlobalSection
	GlobalSection(ProjectConfigurationPlatforms) = postSolution
		{D672D831-88F9-452B-B1CF-72D7D8B89A69}.Debug|Any CPU.ActiveCfg = Debug|Any CPU
		{D672D831-88F9-452B-B1CF-72D7D8B89A69}.Debug|Any CPU.Build.0 = Debug|Any CPU
		{D672D831-88F9-452B-B1CF-72D7D8B89A69}.Release|Any CPU.ActiveCfg = Release|Any CPU
		{D672D831-88F9-452B-B1CF-72D7D8B89A69}.Release|Any CPU.Build.0 = Release|Any CPU
		{D2C0217F-6A18-48D7-8C1C-8485CE4DE177}.Debug|Any CPU.ActiveCfg = Debug|Any CPU
		{D2C0217F-6A18-48D7-8C1C-8485CE4DE177}.Debug|Any CPU.Build.0 = Debug|Any CPU
		{D2C0217F-6A18-48D7-8C1C-8485CE4DE177}.Release|Any CPU.ActiveCfg = Release|Any CPU
		{D2C0217F-6A18-48D7-8C1C-8485CE4DE177}.Release|Any CPU.Build.0 = Release|Any CPU
	EndGlobalSection
	GlobalSection(SolutionProperties) = preSolution
		HideSolutionNode = FALSE
	EndGlobalSection
	GlobalSection(ExtensibilityGlobals) = postSolution
		SolutionGuid = {816F45D0-6882-4172-9E3D-E9C7F93F9E92}
	EndGlobalSection
EndGlobal
